
Microsoft Visual Studio Solution File, Format Version 12.00
# Visual Studio 2012
Project("{FAE04EC0-301F-11D3-BF4B-00C04F79EFBC}") = "Check", "Check.csproj", "{3EAEA949-5C67-4C9D-9C34-111691FCC2ED}"
EndProject
Global
	GlobalSection(SolutionConfigurationPlatforms) = preSolution
		Debug|Any CPU = Debug|Any CPU
		Release|Any CPU = Release|Any CPU
	EndGlobalSection
	GlobalSection(ProjectConfigurationPlatforms) = postSolution
		{3EAEA949-5C67-4C9D-9C34-111691FCC2ED}.Debug|Any CPU.ActiveCfg = Debug|Any CPU
		{3EAEA949-5C67-4C9D-9C34-111691FCC2ED}.Debug|Any CPU.Build.0 = Debug|Any CPU
		{3EAEA949-5C67-4C9D-9C34-111691FCC2ED}.Release|Any CPU.ActiveCfg = Release|Any CPU
		{3EAEA949-5C67-4C9D-9C34-111691FCC2ED}.Release|Any CPU.Build.0 = Release|Any CPU
	EndGlobalSection
	GlobalSection(SolutionProperties) = preSolution
		HideSolutionNode = FALSE
	EndGlobalSection
EndGlobal
